{
  "name": "6.robots-parser-with-example-site",
  "version": "1.0.0",
  "lockfileVersion": 2,
  "requires": true,
  "packages": {
    "": {
      "name": "6.robots-parser-with-example-site",
      "version": "1.0.0",
      "license": "ISC",
      "dependencies": {
        "robots-parser": "^2.3.0"
      }
    },
    "node_modules/robots-parser": {
      "version": "2.3.0",
      "resolved": "https://registry.npmjs.org/robots-parser/-/robots-parser-2.3.0.tgz",
      "integrity": "sha512-RvuCITckrHM9k8DxCCU9rqWpuuKRfVX9iHG751dC3/EdERxp9gJATxYYdYOT3L0T+TAT4+27lENisk/VbHm47A=="
    }
  },
  "dependencies": {
    "robots-parser": {
      "version": "2.3.0",
      "resolved": "https://registry.npmjs.org/robots-parser/-/robots-parser-2.3.0.tgz",
      "integrity": "sha512-RvuCITckrHM9k8DxCCU9rqWpuuKRfVX9iHG751dC3/EdERxp9gJATxYYdYOT3L0T+TAT4+27lENisk/VbHm47A=="
    }
  }
}
